
Microsoft Visual Studio Solution File, Format Version 12.00
# Visual Studio 2012
Project("{FAE04EC0-301F-11D3-BF4B-00C04F79EFBC}") = "QMS", "..\QMS\QMS.csproj", "{F7035611-9F48-4B54-B738-8F55951B6606}"
EndProject
Project("{FAE04EC0-301F-11D3-BF4B-00C04F79EFBC}") = "newui", "..\newui\newui.csproj", "{92FBF7DB-57D3-4C06-8BBE-A04DEE6553C0}"
EndProject
Project("{FAE04EC0-301F-11D3-BF4B-00C04F79EFBC}") = "newdal", "..\newdal\newdal.csproj", "{CD0BE8E8-B7D8-41CA-95F7-EA03675CFE0D}"
EndProject
Project("{FAE04EC0-301F-11D3-BF4B-00C04F79EFBC}") = "newBus", "..\newBus\newBus.csproj", "{A99E7072-450C-430D-AC3D-63CBB74C01AD}"
EndProject
Project("{FAE04EC0-301F-11D3-BF4B-00C04F79EFBC}") = "newLib", "..\newLib\newLib.csproj", "{0400FF7A-0D53-45AA-BBE5-09EEDEB50D4E}"
EndProject
Project("{FAE04EC0-301F-11D3-BF4B-00C04F79EFBC}") = "newHISLINK", "newHISLINK.csproj", "{F6B863A1-C377-4434-9551-3687F5DBF249}"
EndProject
Project("{FAE04EC0-301F-11D3-BF4B-00C04F79EFBC}") = "newucs", "..\newucs\newucs.csproj", "{9BEA8DF5-2C37-4F57-9EFB-F09DB987B0AA}"
EndProject
Project("{FAE04EC0-301F-11D3-BF4B-00C04F79EFBC}") = "newreports", "..\newmyreports\newreports.csproj", "{1C96FEAD-3089-4717-A240-C647F095A11A}"
EndProject
Project("{FAE04EC0-301F-11D3-BF4B-00C04F79EFBC}") = "UpdateVersion", "..\..\..\MyHIS\UpdateVersion\UpdateVersion.csproj", "{FDF09AE0-AA65-4803-A262-4070FF64925E}"
EndProject
Project("{F184B08F-C81C-45F6-A57F-5ABD9991F28F}") = "VietBaIT.HISLink.SystemManagement", "..\..\..\MyRIS\VietBaIT.HISLink.SystemManagement\VietBaIT.HISLink.SystemManagement.vbproj", "{E92F8F5C-3288-49AA-A3DF-2E17DE999E23}"
EndProject
Project("{FAE04EC0-301F-11D3-BF4B-00C04F79EFBC}") = "ConfigProperty", "..\..\..\MyHIS\ConfigProperty\ConfigProperty.csproj", "{20B8A44B-E9E4-4C40-96B6-1F7BF58C2D28}"
EndProject
Project("{FAE04EC0-301F-11D3-BF4B-00C04F79EFBC}") = "AdminWS", "..\AdminWS\AdminWS.csproj", "{E1879731-04BF-4B38-8C8F-DF31E1DCA2EF}"
EndProject
Project("{F184B08F-C81C-45F6-A57F-5ABD9991F28F}") = "SoftKey", "..\SoftKey\SoftKey\SoftKey.vbproj", "{DD1C2D0D-887C-4B61-84B0-E292E03CF36C}"
EndProject
Project("{FAE04EC0-301F-11D3-BF4B-00C04F79EFBC}") = "xvWpfUc", "..\..\..\MeViewer\WpfApplication1\WpfControlLibrary1\xvWpfUc.csproj", "{57EDA4BE-4183-486E-B535-3311B3F76C6D}"
EndProject
Project("{FAE04EC0-301F-11D3-BF4B-00C04F79EFBC}") = "RicherTextBox", "..\..\..\RicherRichTextBoxPrj\RicherTextBox_src\RicherTextBox\RicherTextBox.csproj", "{8F3074D8-E771-4C5E-A11E-0C0FBAE34AE3}"
EndProject
Global
	GlobalSection(SolutionConfigurationPlatforms) = preSolution
		Debug|Any CPU = Debug|Any CPU
		Debug|Mixed Platforms = Debug|Mixed Platforms
		Debug|x86 = Debug|x86
		Release|Any CPU = Release|Any CPU
		Release|Mixed Platforms = Release|Mixed Platforms
		Release|x86 = Release|x86
	EndGlobalSection
	GlobalSection(ProjectConfigurationPlatforms) = postSolution
		{F7035611-9F48-4B54-B738-8F55951B6606}.Debug|Any CPU.ActiveCfg = Debug|Any CPU
		{F7035611-9F48-4B54-B738-8F55951B6606}.Debug|Mixed Platforms.ActiveCfg = Debug|Any CPU
		{F7035611-9F48-4B54-B738-8F55951B6606}.Debug|x86.ActiveCfg = Debug|Any CPU
		{F7035611-9F48-4B54-B738-8F55951B6606}.Release|Any CPU.ActiveCfg = Release|Any CPU
		{F7035611-9F48-4B54-B738-8F55951B6606}.Release|Any CPU.Build.0 = Release|Any CPU
		{F7035611-9F48-4B54-B738-8F55951B6606}.Release|Mixed Platforms.ActiveCfg = Release|Any CPU
		{F7035611-9F48-4B54-B738-8F55951B6606}.Release|Mixed Platforms.Build.0 = Release|Any CPU
		{F7035611-9F48-4B54-B738-8F55951B6606}.Release|x86.ActiveCfg = Release|Any CPU
		{92FBF7DB-57D3-4C06-8BBE-A04DEE6553C0}.Debug|Any CPU.ActiveCfg = Debug|Any CPU
		{92FBF7DB-57D3-4C06-8BBE-A04DEE6553C0}.Debug|Mixed Platforms.ActiveCfg = Debug|Any CPU
		{92FBF7DB-57D3-4C06-8BBE-A04DEE6553C0}.Debug|x86.ActiveCfg = Debug|Any CPU
		{92FBF7DB-57D3-4C06-8BBE-A04DEE6553C0}.Release|Any CPU.ActiveCfg = Release|Any CPU
		{92FBF7DB-57D3-4C06-8BBE-A04DEE6553C0}.Release|Any CPU.Build.0 = Release|Any CPU
		{92FBF7DB-57D3-4C06-8BBE-A04DEE6553C0}.Release|Mixed Platforms.ActiveCfg = Release|Any CPU
		{92FBF7DB-57D3-4C06-8BBE-A04DEE6553C0}.Release|Mixed Platforms.Build.0 = Release|Any CPU
		{92FBF7DB-57D3-4C06-8BBE-A04DEE6553C0}.Release|x86.ActiveCfg = Release|Any CPU
		{CD0BE8E8-B7D8-41CA-95F7-EA03675CFE0D}.Debug|Any CPU.ActiveCfg = Debug|Any CPU
		{CD0BE8E8-B7D8-41CA-95F7-EA03675CFE0D}.Debug|Mixed Platforms.ActiveCfg = Debug|Any CPU
		{CD0BE8E8-B7D8-41CA-95F7-EA03675CFE0D}.Debug|x86.ActiveCfg = Debug|Any CPU
		{CD0BE8E8-B7D8-41CA-95F7-EA03675CFE0D}.Release|Any CPU.ActiveCfg = Release|Any CPU
		{CD0BE8E8-B7D8-41CA-95F7-EA03675CFE0D}.Release|Any CPU.Build.0 = Release|Any CPU
		{CD0BE8E8-B7D8-41CA-95F7-EA03675CFE0D}.Release|Mixed Platforms.ActiveCfg = Release|Any CPU
		{CD0BE8E8-B7D8-41CA-95F7-EA03675CFE0D}.Release|Mixed Platforms.Build.0 = Release|Any CPU
		{CD0BE8E8-B7D8-41CA-95F7-EA03675CFE0D}.Release|x86.ActiveCfg = Release|Any CPU
		{A99E7072-450C-430D-AC3D-63CBB74C01AD}.Debug|Any CPU.ActiveCfg = Debug|Any CPU
		{A99E7072-450C-430D-AC3D-63CBB74C01AD}.Debug|Mixed Platforms.ActiveCfg = Debug|Any CPU
		{A99E7072-450C-430D-AC3D-63CBB74C01AD}.Debug|x86.ActiveCfg = Debug|Any CPU
		{A99E7072-450C-430D-AC3D-63CBB74C01AD}.Release|Any CPU.ActiveCfg = Release|Any CPU
		{A99E7072-450C-430D-AC3D-63CBB74C01AD}.Release|Any CPU.Build.0 = Release|Any CPU
		{A99E7072-450C-430D-AC3D-63CBB74C01AD}.Release|Mixed Platforms.ActiveCfg = Release|Any CPU
		{A99E7072-450C-430D-AC3D-63CBB74C01AD}.Release|Mixed Platforms.Build.0 = Release|Any CPU
		{A99E7072-450C-430D-AC3D-63CBB74C01AD}.Release|x86.ActiveCfg = Release|Any CPU
		{0400FF7A-0D53-45AA-BBE5-09EEDEB50D4E}.Debug|Any CPU.ActiveCfg = Debug|Any CPU
		{0400FF7A-0D53-45AA-BBE5-09EEDEB50D4E}.Debug|Mixed Platforms.ActiveCfg = Debug|Any CPU
		{0400FF7A-0D53-45AA-BBE5-09EEDEB50D4E}.Debug|x86.ActiveCfg = Debug|Any CPU
		{0400FF7A-0D53-45AA-BBE5-09EEDEB50D4E}.Release|Any CPU.ActiveCfg = Release|Any CPU
		{0400FF7A-0D53-45AA-BBE5-09EEDEB50D4E}.Release|Any CPU.Build.0 = Release|Any CPU
		{0400FF7A-0D53-45AA-BBE5-09EEDEB50D4E}.Release|Mixed Platforms.ActiveCfg = Release|Any CPU
		{0400FF7A-0D53-45AA-BBE5-09EEDEB50D4E}.Release|Mixed Platforms.Build.0 = Release|Any CPU
		{0400FF7A-0D53-45AA-BBE5-09EEDEB50D4E}.Release|x86.ActiveCfg = Release|Any CPU
		{F6B863A1-C377-4434-9551-3687F5DBF249}.Debug|Any CPU.ActiveCfg = Debug|Any CPU
		{F6B863A1-C377-4434-9551-3687F5DBF249}.Debug|Mixed Platforms.ActiveCfg = Debug|Any CPU
		{F6B863A1-C377-4434-9551-3687F5DBF249}.Debug|x86.ActiveCfg = Debug|Any CPU
		{F6B863A1-C377-4434-9551-3687F5DBF249}.Release|Any CPU.ActiveCfg = Release|Any CPU
		{F6B863A1-C377-4434-9551-3687F5DBF249}.Release|Any CPU.Build.0 = Release|Any CPU
		{F6B863A1-C377-4434-9551-3687F5DBF249}.Release|Mixed Platforms.ActiveCfg = Release|Any CPU
		{F6B863A1-C377-4434-9551-3687F5DBF249}.Release|Mixed Platforms.Build.0 = Release|Any CPU
		{F6B863A1-C377-4434-9551-3687F5DBF249}.Release|x86.ActiveCfg = Release|Any CPU
		{9BEA8DF5-2C37-4F57-9EFB-F09DB987B0AA}.Debug|Any CPU.ActiveCfg = Debug|Any CPU
		{9BEA8DF5-2C37-4F57-9EFB-F09DB987B0AA}.Debug|Mixed Platforms.ActiveCfg = Debug|Any CPU
		{9BEA8DF5-2C37-4F57-9EFB-F09DB987B0AA}.Debug|x86.ActiveCfg = Debug|Any CPU
		{9BEA8DF5-2C37-4F57-9EFB-F09DB987B0AA}.Release|Any CPU.ActiveCfg = Release|Any CPU
		{9BEA8DF5-2C37-4F57-9EFB-F09DB987B0AA}.Release|Any CPU.Build.0 = Release|Any CPU
		{9BEA8DF5-2C37-4F57-9EFB-F09DB987B0AA}.Release|Mixed Platforms.ActiveCfg = Release|Any CPU
		{9BEA8DF5-2C37-4F57-9EFB-F09DB987B0AA}.Release|Mixed Platforms.Build.0 = Release|Any CPU
		{9BEA8DF5-2C37-4F57-9EFB-F09DB987B0AA}.Release|x86.ActiveCfg = Release|Any CPU
		{1C96FEAD-3089-4717-A240-C647F095A11A}.Debug|Any CPU.ActiveCfg = Debug|Any CPU
		{1C96FEAD-3089-4717-A240-C647F095A11A}.Debug|Mixed Platforms.ActiveCfg = Debug|Any CPU
		{1C96FEAD-3089-4717-A240-C647F095A11A}.Debug|x86.ActiveCfg = Debug|Any CPU
		{1C96FEAD-3089-4717-A240-C647F095A11A}.Release|Any CPU.ActiveCfg = Release|Any CPU
		{1C96FEAD-3089-4717-A240-C647F095A11A}.Release|Any CPU.Build.0 = Release|Any CPU
		{1C96FEAD-3089-4717-A240-C647F095A11A}.Release|Mixed Platforms.ActiveCfg = Release|Any CPU
		{1C96FEAD-3089-4717-A240-C647F095A11A}.Release|Mixed Platforms.Build.0 = Release|Any CPU
		{1C96FEAD-3089-4717-A240-C647F095A11A}.Release|x86.ActiveCfg = Release|Any CPU
		{FDF09AE0-AA65-4803-A262-4070FF64925E}.Debug|Any CPU.ActiveCfg = Debug|x86
		{FDF09AE0-AA65-4803-A262-4070FF64925E}.Debug|Mixed Platforms.ActiveCfg = Debug|x86
		{FDF09AE0-AA65-4803-A262-4070FF64925E}.Debug|x86.ActiveCfg = Debug|x86
		{FDF09AE0-AA65-4803-A262-4070FF64925E}.Debug|x86.Build.0 = Debug|x86
		{FDF09AE0-AA65-4803-A262-4070FF64925E}.Release|Any CPU.ActiveCfg = Release|x86
		{FDF09AE0-AA65-4803-A262-4070FF64925E}.Release|Mixed Platforms.ActiveCfg = Release|x86
		{FDF09AE0-AA65-4803-A262-4070FF64925E}.Release|Mixed Platforms.Build.0 = Release|x86
		{FDF09AE0-AA65-4803-A262-4070FF64925E}.Release|x86.ActiveCfg = Release|x86
		{FDF09AE0-AA65-4803-A262-4070FF64925E}.Release|x86.Build.0 = Release|x86
		{E92F8F5C-3288-49AA-A3DF-2E17DE999E23}.Debug|Any CPU.ActiveCfg = Debug|Any CPU
		{E92F8F5C-3288-49AA-A3DF-2E17DE999E23}.Debug|Any CPU.Build.0 = Debug|Any CPU
		{E92F8F5C-3288-49AA-A3DF-2E17DE999E23}.Debug|Mixed Platforms.ActiveCfg = Debug|Any CPU
		{E92F8F5C-3288-49AA-A3DF-2E17DE999E23}.Debug|x86.ActiveCfg = Debug|Any CPU
		{E92F8F5C-3288-49AA-A3DF-2E17DE999E23}.Release|Any CPU.ActiveCfg = Release|Any CPU
		{E92F8F5C-3288-49AA-A3DF-2E17DE999E23}.Release|Any CPU.Build.0 = Release|Any CPU
		{E92F8F5C-3288-49AA-A3DF-2E17DE999E23}.Release|Mixed Platforms.ActiveCfg = Release|Any CPU
		{E92F8F5C-3288-49AA-A3DF-2E17DE999E23}.Release|Mixed Platforms.Build.0 = Release|Any CPU
		{E92F8F5C-3288-49AA-A3DF-2E17DE999E23}.Release|x86.ActiveCfg = Release|Any CPU
		{20B8A44B-E9E4-4C40-96B6-1F7BF58C2D28}.Debug|Any CPU.ActiveCfg = Debug|Any CPU
		{20B8A44B-E9E4-4C40-96B6-1F7BF58C2D28}.Debug|Any CPU.Build.0 = Debug|Any CPU
		{20B8A44B-E9E4-4C40-96B6-1F7BF58C2D28}.Debug|Mixed Platforms.ActiveCfg = Debug|Any CPU
		{20B8A44B-E9E4-4C40-96B6-1F7BF58C2D28}.Debug|x86.ActiveCfg = Debug|Any CPU
		{20B8A44B-E9E4-4C40-96B6-1F7BF58C2D28}.Release|Any CPU.ActiveCfg = Release|Any CPU
		{20B8A44B-E9E4-4C40-96B6-1F7BF58C2D28}.Release|Any CPU.Build.0 = Release|Any CPU
		{20B8A44B-E9E4-4C40-96B6-1F7BF58C2D28}.Release|Mixed Platforms.ActiveCfg = Release|Any CPU
		{20B8A44B-E9E4-4C40-96B6-1F7BF58C2D28}.Release|Mixed Platforms.Build.0 = Release|Any CPU
		{20B8A44B-E9E4-4C40-96B6-1F7BF58C2D28}.Release|x86.ActiveCfg = Release|Any CPU
		{E1879731-04BF-4B38-8C8F-DF31E1DCA2EF}.Debug|Any CPU.ActiveCfg = Debug|Any CPU
		{E1879731-04BF-4B38-8C8F-DF31E1DCA2EF}.Debug|Any CPU.Build.0 = Debug|Any CPU
		{E1879731-04BF-4B38-8C8F-DF31E1DCA2EF}.Debug|Mixed Platforms.ActiveCfg = Debug|Any CPU
		{E1879731-04BF-4B38-8C8F-DF31E1DCA2EF}.Debug|Mixed Platforms.Build.0 = Debug|Any CPU
		{E1879731-04BF-4B38-8C8F-DF31E1DCA2EF}.Debug|x86.ActiveCfg = Debug|Any CPU
		{E1879731-04BF-4B38-8C8F-DF31E1DCA2EF}.Release|Any CPU.ActiveCfg = Release|Any CPU
		{E1879731-04BF-4B38-8C8F-DF31E1DCA2EF}.Release|Any CPU.Build.0 = Release|Any CPU
		{E1879731-04BF-4B38-8C8F-DF31E1DCA2EF}.Release|Mixed Platforms.ActiveCfg = Release|Any CPU
		{E1879731-04BF-4B38-8C8F-DF31E1DCA2EF}.Release|Mixed Platforms.Build.0 = Release|Any CPU
		{E1879731-04BF-4B38-8C8F-DF31E1DCA2EF}.Release|x86.ActiveCfg = Release|Any CPU
		{DD1C2D0D-887C-4B61-84B0-E292E03CF36C}.Debug|Any CPU.ActiveCfg = Debug|Any CPU
		{DD1C2D0D-887C-4B61-84B0-E292E03CF36C}.Debug|Any CPU.Build.0 = Debug|Any CPU
		{DD1C2D0D-887C-4B61-84B0-E292E03CF36C}.Debug|Mixed Platforms.ActiveCfg = Debug|Any CPU
		{DD1C2D0D-887C-4B61-84B0-E292E03CF36C}.Debug|Mixed Platforms.Build.0 = Debug|Any CPU
		{DD1C2D0D-887C-4B61-84B0-E292E03CF36C}.Debug|x86.ActiveCfg = Debug|Any CPU
		{DD1C2D0D-887C-4B61-84B0-E292E03CF36C}.Release|Any CPU.ActiveCfg = Release|Any CPU
		{DD1C2D0D-887C-4B61-84B0-E292E03CF36C}.Release|Any CPU.Build.0 = Release|Any CPU
		{DD1C2D0D-887C-4B61-84B0-E292E03CF36C}.Release|Mixed Platforms.ActiveCfg = Release|Any CPU
		{DD1C2D0D-887C-4B61-84B0-E292E03CF36C}.Release|Mixed Platforms.Build.0 = Release|Any CPU
		{DD1C2D0D-887C-4B61-84B0-E292E03CF36C}.Release|x86.ActiveCfg = Release|Any CPU
		{57EDA4BE-4183-486E-B535-3311B3F76C6D}.Debug|Any CPU.ActiveCfg = Debug|Any CPU
		{57EDA4BE-4183-486E-B535-3311B3F76C6D}.Debug|Any CPU.Build.0 = Debug|Any CPU
		{57EDA4BE-4183-486E-B535-3311B3F76C6D}.Debug|Mixed Platforms.ActiveCfg = Debug|Any CPU
		{57EDA4BE-4183-486E-B535-3311B3F76C6D}.Debug|Mixed Platforms.Build.0 = Debug|Any CPU
		{57EDA4BE-4183-486E-B535-3311B3F76C6D}.Debug|x86.ActiveCfg = Debug|Any CPU
		{57EDA4BE-4183-486E-B535-3311B3F76C6D}.Release|Any CPU.ActiveCfg = Release|Any CPU
		{57EDA4BE-4183-486E-B535-3311B3F76C6D}.Release|Any CPU.Build.0 = Release|Any CPU
		{57EDA4BE-4183-486E-B535-3311B3F76C6D}.Release|Mixed Platforms.ActiveCfg = Release|Any CPU
		{57EDA4BE-4183-486E-B535-3311B3F76C6D}.Release|Mixed Platforms.Build.0 = Release|Any CPU
		{57EDA4BE-4183-486E-B535-3311B3F76C6D}.Release|x86.ActiveCfg = Release|Any CPU
		{8F3074D8-E771-4C5E-A11E-0C0FBAE34AE3}.Debug|Any CPU.ActiveCfg = Debug|Any CPU
		{8F3074D8-E771-4C5E-A11E-0C0FBAE34AE3}.Debug|Any CPU.Build.0 = Debug|Any CPU
		{8F3074D8-E771-4C5E-A11E-0C0FBAE34AE3}.Debug|Mixed Platforms.ActiveCfg = Debug|Any CPU
		{8F3074D8-E771-4C5E-A11E-0C0FBAE34AE3}.Debug|Mixed Platforms.Build.0 = Debug|Any CPU
		{8F3074D8-E771-4C5E-A11E-0C0FBAE34AE3}.Debug|x86.ActiveCfg = Debug|Any CPU
		{8F3074D8-E771-4C5E-A11E-0C0FBAE34AE3}.Release|Any CPU.ActiveCfg = Release|Any CPU
		{8F3074D8-E771-4C5E-A11E-0C0FBAE34AE3}.Release|Any CPU.Build.0 = Release|Any CPU
		{8F3074D8-E771-4C5E-A11E-0C0FBAE34AE3}.Release|Mixed Platforms.ActiveCfg = Release|Any CPU
		{8F3074D8-E771-4C5E-A11E-0C0FBAE34AE3}.Release|Mixed Platforms.Build.0 = Release|Any CPU
		{8F3074D8-E771-4C5E-A11E-0C0FBAE34AE3}.Release|x86.ActiveCfg = Release|Any CPU
	EndGlobalSection
	GlobalSection(SolutionProperties) = preSolution
		HideSolutionNode = FALSE
	EndGlobalSection
EndGlobal
